{
  "requires": true,
  "lockfileVersion": 1,
  "dependencies": {
    "sweetalert2": {
      "version": "9.10.6",
      "resolved": "https://registry.npmjs.org/sweetalert2/-/sweetalert2-9.10.6.tgz",
      "integrity": "sha512-++Vhmr3IRG9Ufaow7ad8QckEEINmA4bSNAW5dLTdC3jx1DdjyceVAoSfVzuOQgLQ0kQXQpiQqSwhQjVEroPHRQ=="
    }
  }
}
